// !$*UTF8*$!
{
	archiveVersion = 1;
	classes = {
	};
	objectVersion = 50;
	objects = {

/* Begin PBXBuildFile section */
		2973EF7C12BBD25DE93DD9A9 /* Pods_fashionistaAppTests.framework in Frameworks */ = {isa = PBXBuildFile; fileRef = 3D1C27458CBE62BABCE499B0 /* Pods_fashionistaAppTests.framework */; };
		35EBA090223139330057438C /* Point.swift in Sources */ = {isa = PBXBuildFile; fileRef = 35EBA08F223139330057438C /* Point.swift */; };
		35EBA09222313ADE0057438C /* Badge.swift in Sources */ = {isa = PBXBuildFile; fileRef = 35EBA09122313ADE0057438C /* Badge.swift */; };
		35EBA094223143720057438C /* Action.swift in Sources */ = {isa = PBXBuildFile; fileRef = 35EBA093223143720057438C /* Action.swift */; };
		35EBA096223146080057438C /* Context.swift in Sources */ = {isa = PBXBuildFile; fileRef = 35EBA095223146080057438C /* Context.swift */; };
		3D3F8C5821BFC90200705DB8 /* AppDelegate.swift in Sources */ = {isa = PBXBuildFile; fileRef = 3D3F8C5721BFC90200705DB8 /* AppDelegate.swift */; };
		3D3F8C5A21BFC90200705DB8 /* ViewController.swift in Sources */ = {isa = PBXBuildFile; fileRef = 3D3F8C5921BFC90200705DB8 /* ViewController.swift */; };
		3D3F8C5D21BFC90200705DB8 /* Main.storyboard in Resources */ = {isa = PBXBuildFile; fileRef = 3D3F8C5B21BFC90200705DB8 /* Main.storyboard */; };
		3D3F8C5F21BFC90500705DB8 /* Assets.xcassets in Resources */ = {isa = PBXBuildFile; fileRef = 3D3F8C5E21BFC90500705DB8 /* Assets.xcassets */; };
		3D3F8C6221BFC90500705DB8 /* LaunchScreen.storyboard in Resources */ = {isa = PBXBuildFile; fileRef = 3D3F8C6021BFC90500705DB8 /* LaunchScreen.storyboard */; };
		3D3F8C6D21BFC90500705DB8 /* fashionistaAppTests.swift in Sources */ = {isa = PBXBuildFile; fileRef = 3D3F8C6C21BFC90500705DB8 /* fashionistaAppTests.swift */; };
		3D3F8C7821BFC90500705DB8 /* fashionistaAppUITests.swift in Sources */ = {isa = PBXBuildFile; fileRef = 3D3F8C7721BFC90500705DB8 /* fashionistaAppUITests.swift */; };
		3D3F8C8621BFCB3000705DB8 /* SignInViewController.swift in Sources */ = {isa = PBXBuildFile; fileRef = 3D3F8C8521BFCB3000705DB8 /* SignInViewController.swift */; };
		3D3F8C8821BFD77400705DB8 /* SignUpViewController.swift in Sources */ = {isa = PBXBuildFile; fileRef = 3D3F8C8721BFD77400705DB8 /* SignUpViewController.swift */; };
		3D3F8C8A21C00A9F00705DB8 /* HomeViewController.swift in Sources */ = {isa = PBXBuildFile; fileRef = 3D3F8C8921C00A9F00705DB8 /* HomeViewController.swift */; };
		3D3F8C8C21C00AF400705DB8 /* SearchViewController.swift in Sources */ = {isa = PBXBuildFile; fileRef = 3D3F8C8B21C00AF400705DB8 /* SearchViewController.swift */; };
		3D3F8C8E21C00B2A00705DB8 /* CameraViewController.swift in Sources */ = {isa = PBXBuildFile; fileRef = 3D3F8C8D21C00B2A00705DB8 /* CameraViewController.swift */; };
		3D3F8C9021C00B6200705DB8 /* ProfileViewController.swift in Sources */ = {isa = PBXBuildFile; fileRef = 3D3F8C8F21C00B6200705DB8 /* ProfileViewController.swift */; };
		3D8B91062209E44800EC9DDC /* PostLocationViewController.swift in Sources */ = {isa = PBXBuildFile; fileRef = 3D8B91052209E44800EC9DDC /* PostLocationViewController.swift */; };
		4B2A854676D69C390DA34B2F /* Pods_fashionistaApp.framework in Frameworks */ = {isa = PBXBuildFile; fileRef = 96A50332A0388ABA8889DEC8 /* Pods_fashionistaApp.framework */; };
		840CCE9421FBD8F500C2C0B2 /* FeedAPI.swift in Sources */ = {isa = PBXBuildFile; fileRef = 840CCE9321FBD8F500C2C0B2 /* FeedAPI.swift */; };
		840CCE9621FBE47D00C2C0B2 /* HelpService.swift in Sources */ = {isa = PBXBuildFile; fileRef = 840CCE9521FBE47D00C2C0B2 /* HelpService.swift */; };
		840CCE9821FC8ACB00C2C0B2 /* DiscoverViewController.swift in Sources */ = {isa = PBXBuildFile; fileRef = 840CCE9721FC8ACB00C2C0B2 /* DiscoverViewController.swift */; };
		84178FCB21D00653005204EA /* AuthenticationService.swift in Sources */ = {isa = PBXBuildFile; fileRef = 84178FCA21D00653005204EA /* AuthenticationService.swift */; };
		84178FCD21D01C85005204EA /* Configuration.swift in Sources */ = {isa = PBXBuildFile; fileRef = 84178FCC21D01C85005204EA /* Configuration.swift */; };
		84178FD421D28605005204EA /* Post.swift in Sources */ = {isa = PBXBuildFile; fileRef = 84178FD321D28605005204EA /* Post.swift */; };
		848ADC7A21C03B390047128B /* start.storyboard in Resources */ = {isa = PBXBuildFile; fileRef = 848ADC7821C03B390047128B /* start.storyboard */; };
		848ADC7D21C03D760047128B /* Home.storyboard in Resources */ = {isa = PBXBuildFile; fileRef = 848ADC7B21C03D760047128B /* Home.storyboard */; };
		848ADC7F21C03E070047128B /* Search.storyboard in Resources */ = {isa = PBXBuildFile; fileRef = 848ADC7E21C03E070047128B /* Search.storyboard */; };
		848ADC8221C03E2E0047128B /* Camera.storyboard in Resources */ = {isa = PBXBuildFile; fileRef = 848ADC8021C03E2E0047128B /* Camera.storyboard */; };
		848ADC8421C03E5C0047128B /* Profile.storyboard in Resources */ = {isa = PBXBuildFile; fileRef = 848ADC8321C03E5C0047128B /* Profile.storyboard */; };
		848ADC8821C05D0C0047128B /* GoogleService-Info.plist in Resources */ = {isa = PBXBuildFile; fileRef = 848ADC8721C05D0C0047128B /* GoogleService-Info.plist */; };
		849BFD602207488700C44D33 /* MyLocationViewController.swift in Sources */ = {isa = PBXBuildFile; fileRef = 849BFD5F2207488700C44D33 /* MyLocationViewController.swift */; };
		84ACFF7321FFC541001CCD15 /* NotificationApi.swift in Sources */ = {isa = PBXBuildFile; fileRef = 84ACFF7221FFC541001CCD15 /* NotificationApi.swift */; };
		84ACFF7521FFC970001CCD15 /* Notification.swift in Sources */ = {isa = PBXBuildFile; fileRef = 84ACFF7421FFC970001CCD15 /* Notification.swift */; };
		84ACFF7722030528001CCD15 /* ActivityViewController.swift in Sources */ = {isa = PBXBuildFile; fileRef = 84ACFF7622030528001CCD15 /* ActivityViewController.swift */; };
		84ACFF7B22030B1D001CCD15 /* Activity.storyboard in Resources */ = {isa = PBXBuildFile; fileRef = 84ACFF7A22030B1D001CCD15 /* Activity.storyboard */; };
		84ACFF7D220311A1001CCD15 /* ActivityTableViewCell.swift in Sources */ = {isa = PBXBuildFile; fileRef = 84ACFF7C220311A1001CCD15 /* ActivityTableViewCell.swift */; };
		84C3BA6321D3AF41008AB6AE /* HomeTableViewCell.swift in Sources */ = {isa = PBXBuildFile; fileRef = 84C3BA6221D3AF41008AB6AE /* HomeTableViewCell.swift */; };
		84C3BA6621D3DA59008AB6AE /* User.swift in Sources */ = {isa = PBXBuildFile; fileRef = 84C3BA6521D3DA59008AB6AE /* User.swift */; };
		84D5B05D21DE24DC009FFCF9 /* PostAPI.swift in Sources */ = {isa = PBXBuildFile; fileRef = 84D5B05C21DE24DC009FFCF9 /* PostAPI.swift */; };
		84D5B05F21DE2763009FFCF9 /* UserAPI.swift in Sources */ = {isa = PBXBuildFile; fileRef = 84D5B05E21DE2763009FFCF9 /* UserAPI.swift */; };
		84D5B06121DE297A009FFCF9 /* API.swift in Sources */ = {isa = PBXBuildFile; fileRef = 84D5B06021DE297A009FFCF9 /* API.swift */; };
		84D5B06321DE2A60009FFCF9 /* CommentAPI.swift in Sources */ = {isa = PBXBuildFile; fileRef = 84D5B06221DE2A60009FFCF9 /* CommentAPI.swift */; };
		84D5B06521DE2D9D009FFCF9 /* PostCommentAPI.swift in Sources */ = {isa = PBXBuildFile; fileRef = 84D5B06421DE2D9D009FFCF9 /* PostCommentAPI.swift */; };
		84DB106D21DCCFA100D82BE0 /* CommentViewController.swift in Sources */ = {isa = PBXBuildFile; fileRef = 84DB106C21DCCFA100D82BE0 /* CommentViewController.swift */; };
		84DB106F21DCCFEC00D82BE0 /* CommentTableViewCell.swift in Sources */ = {isa = PBXBuildFile; fileRef = 84DB106E21DCCFEC00D82BE0 /* CommentTableViewCell.swift */; };
		84DB107121DCF2AF00D82BE0 /* Comment.swift in Sources */ = {isa = PBXBuildFile; fileRef = 84DB107021DCF2AF00D82BE0 /* Comment.swift */; };
		84DB9C0221E1263C00EA229E /* HeaderProfileCollectionReusableView.swift in Sources */ = {isa = PBXBuildFile; fileRef = 84DB9C0121E1263C00EA229E /* HeaderProfileCollectionReusableView.swift */; };
		84DB9C0421E1363C00EA229E /* MypostsAPI.swift in Sources */ = {isa = PBXBuildFile; fileRef = 84DB9C0321E1363C00EA229E /* MypostsAPI.swift */; };
		84DB9C0621E1FEAF00EA229E /* PhotoCollectionViewCell.swift in Sources */ = {isa = PBXBuildFile; fileRef = 84DB9C0521E1FEAF00EA229E /* PhotoCollectionViewCell.swift */; };
		84DB9C0821E22F1A00EA229E /* DiscoverUserViewController.swift in Sources */ = {isa = PBXBuildFile; fileRef = 84DB9C0721E22F1A00EA229E /* DiscoverUserViewController.swift */; };
		84DB9C0A21E22F8400EA229E /* DiscoverUserTableViewCell.swift in Sources */ = {isa = PBXBuildFile; fileRef = 84DB9C0921E22F8400EA229E /* DiscoverUserTableViewCell.swift */; };
		84DB9C0C21E23D2300EA229E /* FollowAPI.swift in Sources */ = {isa = PBXBuildFile; fileRef = 84DB9C0B21E23D2300EA229E /* FollowAPI.swift */; };
		DF96E4E87770EBB17F720CD5 /* Pods_fashionistaAppUITests.framework in Frameworks */ = {isa = PBXBuildFile; fileRef = C56188C12F0B4350B96932DC /* Pods_fashionistaAppUITests.framework */; };
/* End PBXBuildFile section */

/* Begin PBXContainerItemProxy section */
		3D3F8C6921BFC90500705DB8 /* PBXContainerItemProxy */ = {
			isa = PBXContainerItemProxy;
			containerPortal = 3D3F8C4C21BFC90200705DB8 /* Project object */;
			proxyType = 1;
			remoteGlobalIDString = 3D3F8C5321BFC90200705DB8;
			remoteInfo = fashionistaApp;
		};
		3D3F8C7421BFC90500705DB8 /* PBXContainerItemProxy */ = {
			isa = PBXContainerItemProxy;
			containerPortal = 3D3F8C4C21BFC90200705DB8 /* Project object */;
			proxyType = 1;
			remoteGlobalIDString = 3D3F8C5321BFC90200705DB8;
			remoteInfo = fashionistaApp;
		};
/* End PBXContainerItemProxy section */

/* Begin PBXFileReference section */
		21B556750C61E8355ADAF3C6 /* Pods-fashionistaAppUITests.debug.xcconfig */ = {isa = PBXFileReference; includeInIndex = 1; lastKnownFileType = text.xcconfig; name = "Pods-fashionistaAppUITests.debug.xcconfig"; path = "Pods/Target Support Files/Pods-fashionistaAppUITests/Pods-fashionistaAppUITests.debug.xcconfig"; sourceTree = "<group>"; };
		23B7CC48DD152B7821BBF917 /* Pods-fashionistaAppUITests.release.xcconfig */ = {isa = PBXFileReference; includeInIndex = 1; lastKnownFileType = text.xcconfig; name = "Pods-fashionistaAppUITests.release.xcconfig"; path = "Pods/Target Support Files/Pods-fashionistaAppUITests/Pods-fashionistaAppUITests.release.xcconfig"; sourceTree = "<group>"; };
		29FFDC864FBA9F605F6508C8 /* Pods-fashionistaApp.release.xcconfig */ = {isa = PBXFileReference; includeInIndex = 1; lastKnownFileType = text.xcconfig; name = "Pods-fashionistaApp.release.xcconfig"; path = "Pods/Target Support Files/Pods-fashionistaApp/Pods-fashionistaApp.release.xcconfig"; sourceTree = "<group>"; };
		35EBA08F223139330057438C /* Point.swift */ = {isa = PBXFileReference; lastKnownFileType = sourcecode.swift; path = Point.swift; sourceTree = "<group>"; };
		35EBA09122313ADE0057438C /* Badge.swift */ = {isa = PBXFileReference; lastKnownFileType = sourcecode.swift; path = Badge.swift; sourceTree = "<group>"; };
		35EBA093223143720057438C /* Action.swift */ = {isa = PBXFileReference; lastKnownFileType = sourcecode.swift; path = Action.swift; sourceTree = "<group>"; };
		35EBA095223146080057438C /* Context.swift */ = {isa = PBXFileReference; lastKnownFileType = sourcecode.swift; path = Context.swift; sourceTree = "<group>"; };
		3D0B84622210A18400CC98CD /* fashionistaApp-Bridging-Header.h */ = {isa = PBXFileReference; lastKnownFileType = sourcecode.c.h; path = "fashionistaApp-Bridging-Header.h"; sourceTree = "<group>"; };
		3D1C27458CBE62BABCE499B0 /* Pods_fashionistaAppTests.framework */ = {isa = PBXFileReference; explicitFileType = wrapper.framework; includeInIndex = 0; path = Pods_fashionistaAppTests.framework; sourceTree = BUILT_PRODUCTS_DIR; };
		3D3F8C5421BFC90200705DB8 /* fashionistaApp.app */ = {isa = PBXFileReference; explicitFileType = wrapper.application; includeInIndex = 0; path = fashionistaApp.app; sourceTree = BUILT_PRODUCTS_DIR; };
		3D3F8C5721BFC90200705DB8 /* AppDelegate.swift */ = {isa = PBXFileReference; lastKnownFileType = sourcecode.swift; path = AppDelegate.swift; sourceTree = "<group>"; };
		3D3F8C5921BFC90200705DB8 /* ViewController.swift */ = {isa = PBXFileReference; lastKnownFileType = sourcecode.swift; path = ViewController.swift; sourceTree = "<group>"; };
		3D3F8C5C21BFC90200705DB8 /* Base */ = {isa = PBXFileReference; lastKnownFileType = file.storyboard; name = Base; path = Base.lproj/Main.storyboard; sourceTree = "<group>"; };
		3D3F8C5E21BFC90500705DB8 /* Assets.xcassets */ = {isa = PBXFileReference; lastKnownFileType = folder.assetcatalog; path = Assets.xcassets; sourceTree = "<group>"; };
		3D3F8C6121BFC90500705DB8 /* Base */ = {isa = PBXFileReference; lastKnownFileType = file.storyboard; name = Base; path = Base.lproj/LaunchScreen.storyboard; sourceTree = "<group>"; };
		3D3F8C6321BFC90500705DB8 /* Info.plist */ = {isa = PBXFileReference; lastKnownFileType = text.plist.xml; path = Info.plist; sourceTree = "<group>"; };
		3D3F8C6821BFC90500705DB8 /* fashionistaAppTests.xctest */ = {isa = PBXFileReference; explicitFileType = wrapper.cfbundle; includeInIndex = 0; path = fashionistaAppTests.xctest; sourceTree = BUILT_PRODUCTS_DIR; };
		3D3F8C6C21BFC90500705DB8 /* fashionistaAppTests.swift */ = {isa = PBXFileReference; lastKnownFileType = sourcecode.swift; path = fashionistaAppTests.swift; sourceTree = "<group>"; };
		3D3F8C6E21BFC90500705DB8 /* Info.plist */ = {isa = PBXFileReference; lastKnownFileType = text.plist.xml; path = Info.plist; sourceTree = "<group>"; };
		3D3F8C7321BFC90500705DB8 /* fashionistaAppUITests.xctest */ = {isa = PBXFileReference; explicitFileType = wrapper.cfbundle; includeInIndex = 0; path = fashionistaAppUITests.xctest; sourceTree = BUILT_PRODUCTS_DIR; };
		3D3F8C7721BFC90500705DB8 /* fashionistaAppUITests.swift */ = {isa = PBXFileReference; lastKnownFileType = sourcecode.swift; path = fashionistaAppUITests.swift; sourceTree = "<group>"; };
		3D3F8C7921BFC90500705DB8 /* Info.plist */ = {isa = PBXFileReference; lastKnownFileType = text.plist.xml; path = Info.plist; sourceTree = "<group>"; };
		3D3F8C8521BFCB3000705DB8 /* SignInViewController.swift */ = {isa = PBXFileReference; lastKnownFileType = sourcecode.swift; path = SignInViewController.swift; sourceTree = "<group>"; };
		3D3F8C8721BFD77400705DB8 /* SignUpViewController.swift */ = {isa = PBXFileReference; lastKnownFileType = sourcecode.swift; path = SignUpViewController.swift; sourceTree = "<group>"; };
		3D3F8C8921C00A9F00705DB8 /* HomeViewController.swift */ = {isa = PBXFileReference; lastKnownFileType = sourcecode.swift; path = HomeViewController.swift; sourceTree = "<group>"; };
		3D3F8C8B21C00AF400705DB8 /* SearchViewController.swift */ = {isa = PBXFileReference; lastKnownFileType = sourcecode.swift; path = SearchViewController.swift; sourceTree = "<group>"; };
		3D3F8C8D21C00B2A00705DB8 /* CameraViewController.swift */ = {isa = PBXFileReference; lastKnownFileType = sourcecode.swift; path = CameraViewController.swift; sourceTree = "<group>"; };
		3D3F8C8F21C00B6200705DB8 /* ProfileViewController.swift */ = {isa = PBXFileReference; lastKnownFileType = sourcecode.swift; path = ProfileViewController.swift; sourceTree = "<group>"; };
		3D8B91052209E44800EC9DDC /* PostLocationViewController.swift */ = {isa = PBXFileReference; lastKnownFileType = sourcecode.swift; path = PostLocationViewController.swift; sourceTree = "<group>"; };
		7770D1545BECE92F64EE5131 /* Pods-fashionistaAppTests.release.xcconfig */ = {isa = PBXFileReference; includeInIndex = 1; lastKnownFileType = text.xcconfig; name = "Pods-fashionistaAppTests.release.xcconfig"; path = "Pods/Target Support Files/Pods-fashionistaAppTests/Pods-fashionistaAppTests.release.xcconfig"; sourceTree = "<group>"; };
		7D897FDBBD4FD05C11A3B2CE /* Pods-fashionistaAppTests.debug.xcconfig */ = {isa = PBXFileReference; includeInIndex = 1; lastKnownFileType = text.xcconfig; name = "Pods-fashionistaAppTests.debug.xcconfig"; path = "Pods/Target Support Files/Pods-fashionistaAppTests/Pods-fashionistaAppTests.debug.xcconfig"; sourceTree = "<group>"; };
		840CCE9321FBD8F500C2C0B2 /* FeedAPI.swift */ = {isa = PBXFileReference; lastKnownFileType = sourcecode.swift; path = FeedAPI.swift; sourceTree = "<group>"; };
		840CCE9521FBE47D00C2C0B2 /* HelpService.swift */ = {isa = PBXFileReference; lastKnownFileType = sourcecode.swift; path = HelpService.swift; sourceTree = "<group>"; };
		840CCE9721FC8ACB00C2C0B2 /* DiscoverViewController.swift */ = {isa = PBXFileReference; lastKnownFileType = sourcecode.swift; path = DiscoverViewController.swift; sourceTree = "<group>"; };
		84178FCA21D00653005204EA /* AuthenticationService.swift */ = {isa = PBXFileReference; lastKnownFileType = sourcecode.swift; path = AuthenticationService.swift; sourceTree = "<group>"; };
		84178FCC21D01C85005204EA /* Configuration.swift */ = {isa = PBXFileReference; lastKnownFileType = sourcecode.swift; path = Configuration.swift; sourceTree = "<group>"; };
		84178FCE21D146CF005204EA /* ProgressHUD.h */ = {isa = PBXFileReference; fileEncoding = 4; lastKnownFileType = sourcecode.c.h; path = ProgressHUD.h; sourceTree = "<group>"; };
		84178FD321D28605005204EA /* Post.swift */ = {isa = PBXFileReference; lastKnownFileType = sourcecode.swift; path = Post.swift; sourceTree = "<group>"; };
		848ADC7921C03B390047128B /* Base */ = {isa = PBXFileReference; lastKnownFileType = file.storyboard; name = Base; path = fashionistaApp/Base.lproj/start.storyboard; sourceTree = "<group>"; };
		848ADC7C21C03D760047128B /* Base */ = {isa = PBXFileReference; lastKnownFileType = file.storyboard; name = Base; path = fashionistaApp/fashionistaApp/Base.lproj/Home.storyboard; sourceTree = "<group>"; };
		848ADC7E21C03E070047128B /* Search.storyboard */ = {isa = PBXFileReference; fileEncoding = 4; lastKnownFileType = file.storyboard; path = Search.storyboard; sourceTree = "<group>"; };
		848ADC8121C03E2E0047128B /* Base */ = {isa = PBXFileReference; lastKnownFileType = file.storyboard; name = Base; path = fashionistaApp/fashionistaApp/Base.lproj/Camera.storyboard; sourceTree = "<group>"; };
		848ADC8321C03E5C0047128B /* Profile.storyboard */ = {isa = PBXFileReference; fileEncoding = 4; lastKnownFileType = file.storyboard; path = Profile.storyboard; sourceTree = "<group>"; };
		848ADC8721C05D0C0047128B /* GoogleService-Info.plist */ = {isa = PBXFileReference; fileEncoding = 4; lastKnownFileType = text.plist.xml; path = "GoogleService-Info.plist"; sourceTree = "<group>"; };
		849BFD5F2207488700C44D33 /* MyLocationViewController.swift */ = {isa = PBXFileReference; lastKnownFileType = sourcecode.swift; path = MyLocationViewController.swift; sourceTree = "<group>"; };
		84ACFF7221FFC541001CCD15 /* NotificationApi.swift */ = {isa = PBXFileReference; lastKnownFileType = sourcecode.swift; path = NotificationApi.swift; sourceTree = "<group>"; };
		84ACFF7421FFC970001CCD15 /* Notification.swift */ = {isa = PBXFileReference; lastKnownFileType = sourcecode.swift; path = Notification.swift; sourceTree = "<group>"; };
		84ACFF7622030528001CCD15 /* ActivityViewController.swift */ = {isa = PBXFileReference; lastKnownFileType = sourcecode.swift; path = ActivityViewController.swift; sourceTree = "<group>"; };
		84ACFF7A22030B1D001CCD15 /* Activity.storyboard */ = {isa = PBXFileReference; fileEncoding = 4; lastKnownFileType = file.storyboard; path = Activity.storyboard; sourceTree = "<group>"; };
		84ACFF7C220311A1001CCD15 /* ActivityTableViewCell.swift */ = {isa = PBXFileReference; lastKnownFileType = sourcecode.swift; path = ActivityTableViewCell.swift; sourceTree = "<group>"; };
		84C3BA6221D3AF41008AB6AE /* HomeTableViewCell.swift */ = {isa = PBXFileReference; lastKnownFileType = sourcecode.swift; path = HomeTableViewCell.swift; sourceTree = "<group>"; };
		84C3BA6521D3DA59008AB6AE /* User.swift */ = {isa = PBXFileReference; lastKnownFileType = sourcecode.swift; path = User.swift; sourceTree = "<group>"; };
		84D5B05C21DE24DC009FFCF9 /* PostAPI.swift */ = {isa = PBXFileReference; lastKnownFileType = sourcecode.swift; path = PostAPI.swift; sourceTree = "<group>"; };
		84D5B05E21DE2763009FFCF9 /* UserAPI.swift */ = {isa = PBXFileReference; lastKnownFileType = sourcecode.swift; path = UserAPI.swift; sourceTree = "<group>"; };
		84D5B06021DE297A009FFCF9 /* API.swift */ = {isa = PBXFileReference; lastKnownFileType = sourcecode.swift; path = API.swift; sourceTree = "<group>"; };
		84D5B06221DE2A60009FFCF9 /* CommentAPI.swift */ = {isa = PBXFileReference; lastKnownFileType = sourcecode.swift; path = CommentAPI.swift; sourceTree = "<group>"; };
		84D5B06421DE2D9D009FFCF9 /* PostCommentAPI.swift */ = {isa = PBXFileReference; lastKnownFileType = sourcecode.swift; path = PostCommentAPI.swift; sourceTree = "<group>"; };
		84DB106C21DCCFA100D82BE0 /* CommentViewController.swift */ = {isa = PBXFileReference; lastKnownFileType = sourcecode.swift; path = CommentViewController.swift; sourceTree = "<group>"; };
		84DB106E21DCCFEC00D82BE0 /* CommentTableViewCell.swift */ = {isa = PBXFileReference; lastKnownFileType = sourcecode.swift; path = CommentTableViewCell.swift; sourceTree = "<group>"; };
		84DB107021DCF2AF00D82BE0 /* Comment.swift */ = {isa = PBXFileReference; lastKnownFileType = sourcecode.swift; path = Comment.swift; sourceTree = "<group>"; };
		84DB9C0121E1263C00EA229E /* HeaderProfileCollectionReusableView.swift */ = {isa = PBXFileReference; lastKnownFileType = sourcecode.swift; path = HeaderProfileCollectionReusableView.swift; sourceTree = "<group>"; };
		84DB9C0321E1363C00EA229E /* MypostsAPI.swift */ = {isa = PBXFileReference; lastKnownFileType = sourcecode.swift; path = MypostsAPI.swift; sourceTree = "<group>"; };
		84DB9C0521E1FEAF00EA229E /* PhotoCollectionViewCell.swift */ = {isa = PBXFileReference; lastKnownFileType = sourcecode.swift; path = PhotoCollectionViewCell.swift; sourceTree = "<group>"; };
		84DB9C0721E22F1A00EA229E /* DiscoverUserViewController.swift */ = {isa = PBXFileReference; lastKnownFileType = sourcecode.swift; path = DiscoverUserViewController.swift; sourceTree = "<group>"; };
		84DB9C0921E22F8400EA229E /* DiscoverUserTableViewCell.swift */ = {isa = PBXFileReference; lastKnownFileType = sourcecode.swift; path = DiscoverUserTableViewCell.swift; sourceTree = "<group>"; };
		84DB9C0B21E23D2300EA229E /* FollowAPI.swift */ = {isa = PBXFileReference; lastKnownFileType = sourcecode.swift; path = FollowAPI.swift; sourceTree = "<group>"; };
		96A50332A0388ABA8889DEC8 /* Pods_fashionistaApp.framework */ = {isa = PBXFileReference; explicitFileType = wrapper.framework; includeInIndex = 0; path = Pods_fashionistaApp.framework; sourceTree = BUILT_PRODUCTS_DIR; };
		C56188C12F0B4350B96932DC /* Pods_fashionistaAppUITests.framework */ = {isa = PBXFileReference; explicitFileType = wrapper.framework; includeInIndex = 0; path = Pods_fashionistaAppUITests.framework; sourceTree = BUILT_PRODUCTS_DIR; };
		DEBB08F8840A9CCD0732C8B5 /* Pods-fashionistaApp.debug.xcconfig */ = {isa = PBXFileReference; includeInIndex = 1; lastKnownFileType = text.xcconfig; name = "Pods-fashionistaApp.debug.xcconfig"; path = "Pods/Target Support Files/Pods-fashionistaApp/Pods-fashionistaApp.debug.xcconfig"; sourceTree = "<group>"; };
/* End PBXFileReference section */

/* Begin PBXFrameworksBuildPhase section */
		3D3F8C5121BFC90200705DB8 /* Frameworks */ = {
			isa = PBXFrameworksBuildPhase;
			buildActionMask = 2147483647;
			files = (
				4B2A854676D69C390DA34B2F /* Pods_fashionistaApp.framework in Frameworks */,
			);
			runOnlyForDeploymentPostprocessing = 0;
		};
		3D3F8C6521BFC90500705DB8 /* Frameworks */ = {
			isa = PBXFrameworksBuildPhase;
			buildActionMask = 2147483647;
			files = (
				2973EF7C12BBD25DE93DD9A9 /* Pods_fashionistaAppTests.framework in Frameworks */,
			);
			runOnlyForDeploymentPostprocessing = 0;
		};
		3D3F8C7021BFC90500705DB8 /* Frameworks */ = {
			isa = PBXFrameworksBuildPhase;
			buildActionMask = 2147483647;
			files = (
				DF96E4E87770EBB17F720CD5 /* Pods_fashionistaAppUITests.framework in Frameworks */,
			);
			runOnlyForDeploymentPostprocessing = 0;
		};
/* End PBXFrameworksBuildPhase section */

/* Begin PBXGroup section */
		35EBA08E223138DD0057438C /* GamificationModel */ = {
			isa = PBXGroup;
			children = (
				35EBA08F223139330057438C /* Point.swift */,
				35EBA09122313ADE0057438C /* Badge.swift */,
				35EBA093223143720057438C /* Action.swift */,
				35EBA095223146080057438C /* Context.swift */,
			);
			path = GamificationModel;
			sourceTree = "<group>";
		};
		3D3F8C4B21BFC90200705DB8 = {
			isa = PBXGroup;
			children = (
				35EBA08E223138DD0057438C /* GamificationModel */,
				3D3F8C5621BFC90200705DB8 /* fashionistaApp */,
				3D3F8C6B21BFC90500705DB8 /* fashionistaAppTests */,
				3D3F8C7621BFC90500705DB8 /* fashionistaAppUITests */,
				3D3F8C5521BFC90200705DB8 /* Products */,
				9267DF31A6F3EC41B4315122 /* Pods */,
				4885F16329441311ABC10FF1 /* Frameworks */,
				84178FCE21D146CF005204EA /* ProgressHUD.h */,
			);
			sourceTree = "<group>";
		};
		3D3F8C5521BFC90200705DB8 /* Products */ = {
			isa = PBXGroup;
			children = (
				3D3F8C5421BFC90200705DB8 /* fashionistaApp.app */,
				3D3F8C6821BFC90500705DB8 /* fashionistaAppTests.xctest */,
				3D3F8C7321BFC90500705DB8 /* fashionistaAppUITests.xctest */,
			);
			name = Products;
			sourceTree = "<group>";
		};
		3D3F8C5621BFC90200705DB8 /* fashionistaApp */ = {
			isa = PBXGroup;
			children = (
				84178FCA21D00653005204EA /* AuthenticationService.swift */,
				3D3F8C5721BFC90200705DB8 /* AppDelegate.swift */,
				84178FCC21D01C85005204EA /* Configuration.swift */,
				84D5B05C21DE24DC009FFCF9 /* PostAPI.swift */,
				84D5B05E21DE2763009FFCF9 /* UserAPI.swift */,
				84DB9C0B21E23D2300EA229E /* FollowAPI.swift */,
				840CCE9521FBE47D00C2C0B2 /* HelpService.swift */,
				840CCE9321FBD8F500C2C0B2 /* FeedAPI.swift */,
				84ACFF7221FFC541001CCD15 /* NotificationApi.swift */,
				84D5B06021DE297A009FFCF9 /* API.swift */,
				84D5B06221DE2A60009FFCF9 /* CommentAPI.swift */,
				84DB9C0321E1363C00EA229E /* MypostsAPI.swift */,
				84D5B06421DE2D9D009FFCF9 /* PostCommentAPI.swift */,
				84C3BA6421D3AF6F008AB6AE /* Views */,
				84178FD221D285D3005204EA /* Model */,
				848ADC8621C0476C0047128B /* ViewControllers */,
				848ADC8521C0470F0047128B /* Storyboard */,
				3D3F8C5E21BFC90500705DB8 /* Assets.xcassets */,
				3D3F8C6021BFC90500705DB8 /* LaunchScreen.storyboard */,
				848ADC8721C05D0C0047128B /* GoogleService-Info.plist */,
				3D3F8C6321BFC90500705DB8 /* Info.plist */,
				3D0B84622210A18400CC98CD /* fashionistaApp-Bridging-Header.h */,
			);
			path = fashionistaApp;
			sourceTree = "<group>";
		};
		3D3F8C6B21BFC90500705DB8 /* fashionistaAppTests */ = {
			isa = PBXGroup;
			children = (
				3D3F8C6C21BFC90500705DB8 /* fashionistaAppTests.swift */,
				3D3F8C6E21BFC90500705DB8 /* Info.plist */,
			);
			path = fashionistaAppTests;
			sourceTree = "<group>";
		};
		3D3F8C7621BFC90500705DB8 /* fashionistaAppUITests */ = {
			isa = PBXGroup;
			children = (
				3D3F8C7721BFC90500705DB8 /* fashionistaAppUITests.swift */,
				3D3F8C7921BFC90500705DB8 /* Info.plist */,
			);
			path = fashionistaAppUITests;
			sourceTree = "<group>";
		};
		4885F16329441311ABC10FF1 /* Frameworks */ = {
			isa = PBXGroup;
			children = (
				96A50332A0388ABA8889DEC8 /* Pods_fashionistaApp.framework */,
				3D1C27458CBE62BABCE499B0 /* Pods_fashionistaAppTests.framework */,
				C56188C12F0B4350B96932DC /* Pods_fashionistaAppUITests.framework */,
			);
			name = Frameworks;
			sourceTree = "<group>";
		};
		84178FD221D285D3005204EA /* Model */ = {
			isa = PBXGroup;
			children = (
				84178FD321D28605005204EA /* Post.swift */,
				84ACFF7421FFC970001CCD15 /* Notification.swift */,
				84C3BA6521D3DA59008AB6AE /* User.swift */,
				84DB107021DCF2AF00D82BE0 /* Comment.swift */,
			);
			path = Model;
			sourceTree = "<group>";
		};
		848ADC8521C0470F0047128B /* Storyboard */ = {
			isa = PBXGroup;
			children = (
				84ACFF7A22030B1D001CCD15 /* Activity.storyboard */,
				3D3F8C5B21BFC90200705DB8 /* Main.storyboard */,
				848ADC7821C03B390047128B /* start.storyboard */,
				848ADC7B21C03D760047128B /* Home.storyboard */,
				848ADC7E21C03E070047128B /* Search.storyboard */,
				848ADC8021C03E2E0047128B /* Camera.storyboard */,
				848ADC8321C03E5C0047128B /* Profile.storyboard */,
			);
			path = Storyboard;
			sourceTree = "<group>";
		};
		848ADC8621C0476C0047128B /* ViewControllers */ = {
			isa = PBXGroup;
			children = (
				84ACFF7622030528001CCD15 /* ActivityViewController.swift */,
				3D3F8C8D21C00B2A00705DB8 /* CameraViewController.swift */,
				84DB106C21DCCFA100D82BE0 /* CommentViewController.swift */,
				84DB9C0721E22F1A00EA229E /* DiscoverUserViewController.swift */,
				840CCE9721FC8ACB00C2C0B2 /* DiscoverViewController.swift */,
				3D3F8C8921C00A9F00705DB8 /* HomeViewController.swift */,
				849BFD5F2207488700C44D33 /* MyLocationViewController.swift */,
				3D8B91052209E44800EC9DDC /* PostLocationViewController.swift */,
				3D3F8C8F21C00B6200705DB8 /* ProfileViewController.swift */,
				3D3F8C8B21C00AF400705DB8 /* SearchViewController.swift */,
				3D3F8C8521BFCB3000705DB8 /* SignInViewController.swift */,
				3D3F8C8721BFD77400705DB8 /* SignUpViewController.swift */,
				3D3F8C5921BFC90200705DB8 /* ViewController.swift */,
			);
			path = ViewControllers;
			sourceTree = "<group>";
		};
		84C3BA6421D3AF6F008AB6AE /* Views */ = {
			isa = PBXGroup;
			children = (
				84C3BA6221D3AF41008AB6AE /* HomeTableViewCell.swift */,
				84DB9C0921E22F8400EA229E /* DiscoverUserTableViewCell.swift */,
				84DB106E21DCCFEC00D82BE0 /* CommentTableViewCell.swift */,
				84DB9C0121E1263C00EA229E /* HeaderProfileCollectionReusableView.swift */,
				84DB9C0521E1FEAF00EA229E /* PhotoCollectionViewCell.swift */,
				84ACFF7C220311A1001CCD15 /* ActivityTableViewCell.swift */,
			);
			path = Views;
			sourceTree = "<group>";
		};
		9267DF31A6F3EC41B4315122 /* Pods */ = {
			isa = PBXGroup;
			children = (
				DEBB08F8840A9CCD0732C8B5 /* Pods-fashionistaApp.debug.xcconfig */,
				29FFDC864FBA9F605F6508C8 /* Pods-fashionistaApp.release.xcconfig */,
				7D897FDBBD4FD05C11A3B2CE /* Pods-fashionistaAppTests.debug.xcconfig */,
				7770D1545BECE92F64EE5131 /* Pods-fashionistaAppTests.release.xcconfig */,
				21B556750C61E8355ADAF3C6 /* Pods-fashionistaAppUITests.debug.xcconfig */,
				23B7CC48DD152B7821BBF917 /* Pods-fashionistaAppUITests.release.xcconfig */,
			);
			name = Pods;
			sourceTree = "<group>";
		};
/* End PBXGroup section */

/* Begin PBXNativeTarget section */
		3D3F8C5321BFC90200705DB8 /* fashionistaApp */ = {
			isa = PBXNativeTarget;
			buildConfigurationList = 3D3F8C7C21BFC90500705DB8 /* Build configuration list for PBXNativeTarget "fashionistaApp" */;
			buildPhases = (
				A9D2F31E3687C00C6ABC0469 /* [CP] Check Pods Manifest.lock */,
				3D3F8C5021BFC90200705DB8 /* Sources */,
				3D3F8C5121BFC90200705DB8 /* Frameworks */,
				3D3F8C5221BFC90200705DB8 /* Resources */,
				F1949469C1663D1ED5B7C180 /* [CP] Embed Pods Frameworks */,
				EF9B21E577F0BC85BDC9A438 /* [CP] Copy Pods Resources */,
			);
			buildRules = (
			);
			dependencies = (
			);
			name = fashionistaApp;
			productName = fashionistaApp;
			productReference = 3D3F8C5421BFC90200705DB8 /* fashionistaApp.app */;
			productType = "com.apple.product-type.application";
		};
		3D3F8C6721BFC90500705DB8 /* fashionistaAppTests */ = {
			isa = PBXNativeTarget;
			buildConfigurationList = 3D3F8C7F21BFC90500705DB8 /* Build configuration list for PBXNativeTarget "fashionistaAppTests" */;
			buildPhases = (
				47F90EB3F618B0F2A448ACA1 /* [CP] Check Pods Manifest.lock */,
				3D3F8C6421BFC90500705DB8 /* Sources */,
				3D3F8C6521BFC90500705DB8 /* Frameworks */,
				3D3F8C6621BFC90500705DB8 /* Resources */,
			);
			buildRules = (
			);
			dependencies = (
				3D3F8C6A21BFC90500705DB8 /* PBXTargetDependency */,
			);
			name = fashionistaAppTests;
			productName = fashionistaAppTests;
			productReference = 3D3F8C6821BFC90500705DB8 /* fashionistaAppTests.xctest */;
			productType = "com.apple.product-type.bundle.unit-test";
		};
		3D3F8C7221BFC90500705DB8 /* fashionistaAppUITests */ = {
			isa = PBXNativeTarget;
			buildConfigurationList = 3D3F8C8221BFC90500705DB8 /* Build configuration list for PBXNativeTarget "fashionistaAppUITests" */;
			buildPhases = (
				FBBB76EDDF43F8DDF120B6A1 /* [CP] Check Pods Manifest.lock */,
				3D3F8C6F21BFC90500705DB8 /* Sources */,
				3D3F8C7021BFC90500705DB8 /* Frameworks */,
				3D3F8C7121BFC90500705DB8 /* Resources */,
			);
			buildRules = (
			);
			dependencies = (
				3D3F8C7521BFC90500705DB8 /* PBXTargetDependency */,
			);
			name = fashionistaAppUITests;
			productName = fashionistaAppUITests;
			productReference = 3D3F8C7321BFC90500705DB8 /* fashionistaAppUITests.xctest */;
			productType = "com.apple.product-type.bundle.ui-testing";
		};
/* End PBXNativeTarget section */

/* Begin PBXProject section */
		3D3F8C4C21BFC90200705DB8 /* Project object */ = {
			isa = PBXProject;
			attributes = {
				LastSwiftUpdateCheck = 0940;
				LastUpgradeCheck = 0940;
				ORGANIZATIONNAME = Studio;
				TargetAttributes = {
					3D3F8C5321BFC90200705DB8 = {
						CreatedOnToolsVersion = 9.4.1;
						LastSwiftMigration = 0940;
					};
					3D3F8C6721BFC90500705DB8 = {
						CreatedOnToolsVersion = 9.4.1;
						TestTargetID = 3D3F8C5321BFC90200705DB8;
					};
					3D3F8C7221BFC90500705DB8 = {
						CreatedOnToolsVersion = 9.4.1;
						TestTargetID = 3D3F8C5321BFC90200705DB8;
					};
				};
			};
			buildConfigurationList = 3D3F8C4F21BFC90200705DB8 /* Build configuration list for PBXProject "fashionistaApp" */;
			compatibilityVersion = "Xcode 9.3";
			developmentRegion = en;
			hasScannedForEncodings = 0;
			knownRegions = (
				en,
				Base,
			);
			mainGroup = 3D3F8C4B21BFC90200705DB8;
			productRefGroup = 3D3F8C5521BFC90200705DB8 /* Products */;
			projectDirPath = "";
			projectRoot = "";
			targets = (
				3D3F8C5321BFC90200705DB8 /* fashionistaApp */,
				3D3F8C6721BFC90500705DB8 /* fashionistaAppTests */,
				3D3F8C7221BFC90500705DB8 /* fashionistaAppUITests */,
			);
		};
/* End PBXProject section */

/* Begin PBXResourcesBuildPhase section */
		3D3F8C5221BFC90200705DB8 /* Resources */ = {
			isa = PBXResourcesBuildPhase;
			buildActionMask = 2147483647;
			files = (
				3D3F8C6221BFC90500705DB8 /* LaunchScreen.storyboard in Resources */,
				848ADC8221C03E2E0047128B /* Camera.storyboard in Resources */,
				848ADC8821C05D0C0047128B /* GoogleService-Info.plist in Resources */,
				848ADC8421C03E5C0047128B /* Profile.storyboard in Resources */,
				848ADC7D21C03D760047128B /* Home.storyboard in Resources */,
				848ADC7A21C03B390047128B /* start.storyboard in Resources */,
				3D3F8C5F21BFC90500705DB8 /* Assets.xcassets in Resources */,
				84ACFF7B22030B1D001CCD15 /* Activity.storyboard in Resources */,
				848ADC7F21C03E070047128B /* Search.storyboard in Resources */,
				3D3F8C5D21BFC90200705DB8 /* Main.storyboard in Resources */,
			);
			runOnlyForDeploymentPostprocessing = 0;
		};
		3D3F8C6621BFC90500705DB8 /* Resources */ = {
			isa = PBXResourcesBuildPhase;
			buildActionMask = 2147483647;
			files = (
			);
			runOnlyForDeploymentPostprocessing = 0;
		};
		3D3F8C7121BFC90500705DB8 /* Resources */ = {
			isa = PBXResourcesBuildPhase;
			buildActionMask = 2147483647;
			files = (
			);
			runOnlyForDeploymentPostprocessing = 0;
		};
/* End PBXResourcesBuildPhase section */

/* Begin PBXShellScriptBuildPhase section */
		47F90EB3F618B0F2A448ACA1 /* [CP] Check Pods Manifest.lock */ = {
			isa = PBXShellScriptBuildPhase;
			buildActionMask = 2147483647;
			files = (
			);
			inputPaths = (
				"${PODS_PODFILE_DIR_PATH}/Podfile.lock",
				"${PODS_ROOT}/Manifest.lock",
			);
			name = "[CP] Check Pods Manifest.lock";
			outputPaths = (
				"$(DERIVED_FILE_DIR)/Pods-fashionistaAppTests-checkManifestLockResult.txt",
			);
			runOnlyForDeploymentPostprocessing = 0;
			shellPath = /bin/sh;
			shellScript = "diff \"${PODS_PODFILE_DIR_PATH}/Podfile.lock\" \"${PODS_ROOT}/Manifest.lock\" > /dev/null\nif [ $? != 0 ] ; then\n    # print error to STDERR\n    echo \"error: The sandbox is not in sync with the Podfile.lock. Run 'pod install' or update your CocoaPods installation.\" >&2\n    exit 1\nfi\n# This output is used by Xcode 'outputs' to avoid re-running this script phase.\necho \"SUCCESS\" > \"${SCRIPT_OUTPUT_FILE_0}\"\n";
			showEnvVarsInLog = 0;
		};
		A9D2F31E3687C00C6ABC0469 /* [CP] Check Pods Manifest.lock */ = {
			isa = PBXShellScriptBuildPhase;
			buildActionMask = 2147483647;
			files = (
			);
			inputPaths = (
				"${PODS_PODFILE_DIR_PATH}/Podfile.lock",
				"${PODS_ROOT}/Manifest.lock",
			);
			name = "[CP] Check Pods Manifest.lock";
			outputPaths = (
				"$(DERIVED_FILE_DIR)/Pods-fashionistaApp-checkManifestLockResult.txt",
			);
			runOnlyForDeploymentPostprocessing = 0;
			shellPath = /bin/sh;
			shellScript = "diff \"${PODS_PODFILE_DIR_PATH}/Podfile.lock\" \"${PODS_ROOT}/Manifest.lock\" > /dev/null\nif [ $? != 0 ] ; then\n    # print error to STDERR\n    echo \"error: The sandbox is not in sync with the Podfile.lock. Run 'pod install' or update your CocoaPods installation.\" >&2\n    exit 1\nfi\n# This output is used by Xcode 'outputs' to avoid re-running this script phase.\necho \"SUCCESS\" > \"${SCRIPT_OUTPUT_FILE_0}\"\n";
			showEnvVarsInLog = 0;
		};
		EF9B21E577F0BC85BDC9A438 /* [CP] Copy Pods Resources */ = {
			isa = PBXShellScriptBuildPhase;
			buildActionMask = 2147483647;
			files = (
			);
			inputPaths = (
				"${SRCROOT}/Pods/Target Support Files/Pods-fashionistaApp/Pods-fashionistaApp-resources.sh",
				"${PODS_ROOT}/GoogleMaps/Maps/Frameworks/GoogleMaps.framework/Resources/GoogleMaps.bundle",
				"${PODS_ROOT}/GooglePlaces/Frameworks/GooglePlaces.framework/Resources/GooglePlaces.bundle",
			);
			name = "[CP] Copy Pods Resources";
			outputPaths = (
				"${TARGET_BUILD_DIR}/${UNLOCALIZED_RESOURCES_FOLDER_PATH}/GoogleMaps.bundle",
				"${TARGET_BUILD_DIR}/${UNLOCALIZED_RESOURCES_FOLDER_PATH}/GooglePlaces.bundle",
			);
			runOnlyForDeploymentPostprocessing = 0;
			shellPath = /bin/sh;
			shellScript = "\"${SRCROOT}/Pods/Target Support Files/Pods-fashionistaApp/Pods-fashionistaApp-resources.sh\"\n";
			showEnvVarsInLog = 0;
		};
		F1949469C1663D1ED5B7C180 /* [CP] Embed Pods Frameworks */ = {
			isa = PBXShellScriptBuildPhase;
			buildActionMask = 2147483647;
			files = (
			);
			inputPaths = (
				"${SRCROOT}/Pods/Target Support Files/Pods-fashionistaApp/Pods-fashionistaApp-frameworks.sh",
				"${BUILT_PRODUCTS_DIR}/GTMSessionFetcher/GTMSessionFetcher.framework",
				"${BUILT_PRODUCTS_DIR}/GoogleUtilities/GoogleUtilities.framework",
				"${BUILT_PRODUCTS_DIR}/ProgressHUD/ProgressHUD.framework",
				"${BUILT_PRODUCTS_DIR}/SDWebImage/SDWebImage.framework",
				"${BUILT_PRODUCTS_DIR}/leveldb-library/leveldb.framework",
				"${BUILT_PRODUCTS_DIR}/nanopb/nanopb.framework",
			);
			name = "[CP] Embed Pods Frameworks";
			outputPaths = (
				"${TARGET_BUILD_DIR}/${FRAMEWORKS_FOLDER_PATH}/GTMSessionFetcher.framework",
				"${TARGET_BUILD_DIR}/${FRAMEWORKS_FOLDER_PATH}/GoogleUtilities.framework",
				"${TARGET_BUILD_DIR}/${FRAMEWORKS_FOLDER_PATH}/ProgressHUD.framework",
				"${TARGET_BUILD_DIR}/${FRAMEWORKS_FOLDER_PATH}/SDWebImage.framework",
				"${TARGET_BUILD_DIR}/${FRAMEWORKS_FOLDER_PATH}/leveldb.framework",
				"${TARGET_BUILD_DIR}/${FRAMEWORKS_FOLDER_PATH}/nanopb.framework",
			);
			runOnlyForDeploymentPostprocessing = 0;
			shellPath = /bin/sh;
			shellScript = "\"${SRCROOT}/Pods/Target Support Files/Pods-fashionistaApp/Pods-fashionistaApp-frameworks.sh\"\n";
			showEnvVarsInLog = 0;
		};
		FBBB76EDDF43F8DDF120B6A1 /* [CP] Check Pods Manifest.lock */ = {
			isa = PBXShellScriptBuildPhase;
			buildActionMask = 2147483647;
			files = (
			);
			inputPaths = (
				"${PODS_PODFILE_DIR_PATH}/Podfile.lock",
				"${PODS_ROOT}/Manifest.lock",
			);
			name = "[CP] Check Pods Manifest.lock";
			outputPaths = (
				"$(DERIVED_FILE_DIR)/Pods-fashionistaAppUITests-checkManifestLockResult.txt",
			);
			runOnlyForDeploymentPostprocessing = 0;
			shellPath = /bin/sh;
			shellScript = "diff \"${PODS_PODFILE_DIR_PATH}/Podfile.lock\" \"${PODS_ROOT}/Manifest.lock\" > /dev/null\nif [ $? != 0 ] ; then\n    # print error to STDERR\n    echo \"error: The sandbox is not in sync with the Podfile.lock. Run 'pod install' or update your CocoaPods installation.\" >&2\n    exit 1\nfi\n# This output is used by Xcode 'outputs' to avoid re-running this script phase.\necho \"SUCCESS\" > \"${SCRIPT_OUTPUT_FILE_0}\"\n";
			showEnvVarsInLog = 0;
		};
/* End PBXShellScriptBuildPhase section */

/* Begin PBXSourcesBuildPhase section */
		3D3F8C5021BFC90200705DB8 /* Sources */ = {
			isa = PBXSourcesBuildPhase;
			buildActionMask = 2147483647;
			files = (
				84ACFF7321FFC541001CCD15 /* NotificationApi.swift in Sources */,
				35EBA094223143720057438C /* Action.swift in Sources */,
				84DB106D21DCCFA100D82BE0 /* CommentViewController.swift in Sources */,
				84D5B06121DE297A009FFCF9 /* API.swift in Sources */,
				84DB9C0C21E23D2300EA229E /* FollowAPI.swift in Sources */,
				84DB9C0421E1363C00EA229E /* MypostsAPI.swift in Sources */,
				84DB9C0221E1263C00EA229E /* HeaderProfileCollectionReusableView.swift in Sources */,
				84D5B06521DE2D9D009FFCF9 /* PostCommentAPI.swift in Sources */,
				84C3BA6621D3DA59008AB6AE /* User.swift in Sources */,
				3D3F8C8C21C00AF400705DB8 /* SearchViewController.swift in Sources */,
				84178FD421D28605005204EA /* Post.swift in Sources */,
				84ACFF7722030528001CCD15 /* ActivityViewController.swift in Sources */,
				840CCE9821FC8ACB00C2C0B2 /* DiscoverViewController.swift in Sources */,
				35EBA096223146080057438C /* Context.swift in Sources */,
				3D3F8C8A21C00A9F00705DB8 /* HomeViewController.swift in Sources */,
				3D3F8C5A21BFC90200705DB8 /* ViewController.swift in Sources */,
				84178FCB21D00653005204EA /* AuthenticationService.swift in Sources */,
				84D5B06321DE2A60009FFCF9 /* CommentAPI.swift in Sources */,
				84DB106F21DCCFEC00D82BE0 /* CommentTableViewCell.swift in Sources */,
				840CCE9621FBE47D00C2C0B2 /* HelpService.swift in Sources */,
				84DB9C0821E22F1A00EA229E /* DiscoverUserViewController.swift in Sources */,
				3D3F8C5821BFC90200705DB8 /* AppDelegate.swift in Sources */,
				84C3BA6321D3AF41008AB6AE /* HomeTableViewCell.swift in Sources */,
				84ACFF7521FFC970001CCD15 /* Notification.swift in Sources */,
				3D3F8C8E21C00B2A00705DB8 /* CameraViewController.swift in Sources */,
				849BFD602207488700C44D33 /* MyLocationViewController.swift in Sources */,
				840CCE9421FBD8F500C2C0B2 /* FeedAPI.swift in Sources */,
				84DB107121DCF2AF00D82BE0 /* Comment.swift in Sources */,
				84DB9C0621E1FEAF00EA229E /* PhotoCollectionViewCell.swift in Sources */,
				84D5B05D21DE24DC009FFCF9 /* PostAPI.swift in Sources */,
				84178FCD21D01C85005204EA /* Configuration.swift in Sources */,
				84ACFF7D220311A1001CCD15 /* ActivityTableViewCell.swift in Sources */,
				3D3F8C8821BFD77400705DB8 /* SignUpViewController.swift in Sources */,
				3D3F8C9021C00B6200705DB8 /* ProfileViewController.swift in Sources */,
				35EBA090223139330057438C /* Point.swift in Sources */,
				3D3F8C8621BFCB3000705DB8 /* SignInViewController.swift in Sources */,
				84D5B05F21DE2763009FFCF9 /* UserAPI.swift in Sources */,
				3D8B91062209E44800EC9DDC /* PostLocationViewController.swift in Sources */,
				84DB9C0A21E22F8400EA229E /* DiscoverUserTableViewCell.swift in Sources */,
				35EBA09222313ADE0057438C /* Badge.swift in Sources */,
			);
			runOnlyForDeploymentPostprocessing = 0;
		};
		3D3F8C6421BFC90500705DB8 /* Sources */ = {
			isa = PBXSourcesBuildPhase;
			buildActionMask = 2147483647;
			files = (
				3D3F8C6D21BFC90500705DB8 /* fashionistaAppTests.swift in Sources */,
			);
			runOnlyForDeploymentPostprocessing = 0;
		};
		3D3F8C6F21BFC90500705DB8 /* Sources */ = {
			isa = PBXSourcesBuildPhase;
			buildActionMask = 2147483647;
			files = (
				3D3F8C7821BFC90500705DB8 /* fashionistaAppUITests.swift in Sources */,
			);
			runOnlyForDeploymentPostprocessing = 0;
		};
/* End PBXSourcesBuildPhase section */

/* Begin PBXTargetDependency section */
		3D3F8C6A21BFC90500705DB8 /* PBXTargetDependency */ = {
			isa = PBXTargetDependency;
			target = 3D3F8C5321BFC90200705DB8 /* fashionistaApp */;
			targetProxy = 3D3F8C6921BFC90500705DB8 /* PBXContainerItemProxy */;
		};
		3D3F8C7521BFC90500705DB8 /* PBXTargetDependency */ = {
			isa = PBXTargetDependency;
			target = 3D3F8C5321BFC90200705DB8 /* fashionistaApp */;
			targetProxy = 3D3F8C7421BFC90500705DB8 /* PBXContainerItemProxy */;
		};
/* End PBXTargetDependency section */

/* Begin PBXVariantGroup section */
		3D3F8C5B21BFC90200705DB8 /* Main.storyboard */ = {
			isa = PBXVariantGroup;
			children = (
				3D3F8C5C21BFC90200705DB8 /* Base */,
			);
			name = Main.storyboard;
			sourceTree = "<group>";
		};
		3D3F8C6021BFC90500705DB8 /* LaunchScreen.storyboard */ = {
			isa = PBXVariantGroup;
			children = (
				3D3F8C6121BFC90500705DB8 /* Base */,
			);
			name = LaunchScreen.storyboard;
			sourceTree = "<group>";
		};
		848ADC7821C03B390047128B /* start.storyboard */ = {
			isa = PBXVariantGroup;
			children = (
				848ADC7921C03B390047128B /* Base */,
			);
			name = start.storyboard;
			sourceTree = "<group>";
		};
		848ADC7B21C03D760047128B /* Home.storyboard */ = {
			isa = PBXVariantGroup;
			children = (
				848ADC7C21C03D760047128B /* Base */,
			);
			name = Home.storyboard;
			sourceTree = "<group>";
		};
		848ADC8021C03E2E0047128B /* Camera.storyboard */ = {
			isa = PBXVariantGroup;
			children = (
				848ADC8121C03E2E0047128B /* Base */,
			);
			name = Camera.storyboard;
			sourceTree = "<group>";
		};
/* End PBXVariantGroup section */

/* Begin XCBuildConfiguration section */
		3D3F8C7A21BFC90500705DB8 /* Debug */ = {
			isa = XCBuildConfiguration;
			buildSettings = {
				ALWAYS_SEARCH_USER_PATHS = NO;
				CLANG_ANALYZER_NONNULL = YES;
				CLANG_ANALYZER_NUMBER_OBJECT_CONVERSION = YES_AGGRESSIVE;
				CLANG_CXX_LANGUAGE_STANDARD = "gnu++14";
				CLANG_CXX_LIBRARY = "libc++";
				CLANG_ENABLE_MODULES = YES;
				CLANG_ENABLE_OBJC_ARC = YES;
				CLANG_ENABLE_OBJC_WEAK = YES;
				CLANG_WARN_BLOCK_CAPTURE_AUTORELEASING = YES;
				CLANG_WARN_BOOL_CONVERSION = YES;
				CLANG_WARN_COMMA = YES;
				CLANG_WARN_CONSTANT_CONVERSION = YES;
				CLANG_WARN_DEPRECATED_OBJC_IMPLEMENTATIONS = YES;
				CLANG_WARN_DIRECT_OBJC_ISA_USAGE = YES_ERROR;
				CLANG_WARN_DOCUMENTATION_COMMENTS = YES;
				CLANG_WARN_EMPTY_BODY = YES;
				CLANG_WARN_ENUM_CONVERSION = YES;
				CLANG_WARN_INFINITE_RECURSION = YES;
				CLANG_WARN_INT_CONVERSION = YES;
				CLANG_WARN_NON_LITERAL_NULL_CONVERSION = YES;
				CLANG_WARN_OBJC_IMPLICIT_RETAIN_SELF = YES;
				CLANG_WARN_OBJC_LITERAL_CONVERSION = YES;
				CLANG_WARN_OBJC_ROOT_CLASS = YES_ERROR;
				CLANG_WARN_RANGE_LOOP_ANALYSIS = YES;
				CLANG_WARN_STRICT_PROTOTYPES = YES;
				CLANG_WARN_SUSPICIOUS_MOVE = YES;
				CLANG_WARN_UNGUARDED_AVAILABILITY = YES_AGGRESSIVE;
				CLANG_WARN_UNREACHABLE_CODE = YES;
				CLANG_WARN__DUPLICATE_METHOD_MATCH = YES;
				CODE_SIGN_IDENTITY = "iPhone Developer";
				COPY_PHASE_STRIP = NO;
				DEBUG_INFORMATION_FORMAT = dwarf;
				ENABLE_STRICT_OBJC_MSGSEND = YES;
				ENABLE_TESTABILITY = YES;
				GCC_C_LANGUAGE_STANDARD = gnu11;
				GCC_DYNAMIC_NO_PIC = NO;
				GCC_NO_COMMON_BLOCKS = YES;
				GCC_OPTIMIZATION_LEVEL = 0;
				GCC_PREPROCESSOR_DEFINITIONS = (
					"DEBUG=1",
					"$(inherited)",
				);
				GCC_WARN_64_TO_32_BIT_CONVERSION = YES;
				GCC_WARN_ABOUT_RETURN_TYPE = YES_ERROR;
				GCC_WARN_UNDECLARED_SELECTOR = YES;
				GCC_WARN_UNINITIALIZED_AUTOS = YES_AGGRESSIVE;
				GCC_WARN_UNUSED_FUNCTION = YES;
				GCC_WARN_UNUSED_VARIABLE = YES;
				IPHONEOS_DEPLOYMENT_TARGET = 11.4;
				MTL_ENABLE_DEBUG_INFO = YES;
				ONLY_ACTIVE_ARCH = YES;
				SDKROOT = iphoneos;
				SWIFT_ACTIVE_COMPILATION_CONDITIONS = DEBUG;
				SWIFT_OPTIMIZATION_LEVEL = "-Onone";
			};
			name = Debug;
		};
		3D3F8C7B21BFC90500705DB8 /* Release */ = {
			isa = XCBuildConfiguration;
			buildSettings = {
				ALWAYS_SEARCH_USER_PATHS = NO;
				CLANG_ANALYZER_NONNULL = YES;
				CLANG_ANALYZER_NUMBER_OBJECT_CONVERSION = YES_AGGRESSIVE;
				CLANG_CXX_LANGUAGE_STANDARD = "gnu++14";
				CLANG_CXX_LIBRARY = "libc++";
				CLANG_ENABLE_MODULES = YES;
				CLANG_ENABLE_OBJC_ARC = YES;
				CLANG_ENABLE_OBJC_WEAK = YES;
				CLANG_WARN_BLOCK_CAPTURE_AUTORELEASING = YES;
				CLANG_WARN_BOOL_CONVERSION = YES;
				CLANG_WARN_COMMA = YES;
				CLANG_WARN_CONSTANT_CONVERSION = YES;
				CLANG_WARN_DEPRECATED_OBJC_IMPLEMENTATIONS = YES;
				CLANG_WARN_DIRECT_OBJC_ISA_USAGE = YES_ERROR;
				CLANG_WARN_DOCUMENTATION_COMMENTS = YES;
				CLANG_WARN_EMPTY_BODY = YES;
				CLANG_WARN_ENUM_CONVERSION = YES;
				CLANG_WARN_INFINITE_RECURSION = YES;
				CLANG_WARN_INT_CONVERSION = YES;
				CLANG_WARN_NON_LITERAL_NULL_CONVERSION = YES;
				CLANG_WARN_OBJC_IMPLICIT_RETAIN_SELF = YES;
				CLANG_WARN_OBJC_LITERAL_CONVERSION = YES;
				CLANG_WARN_OBJC_ROOT_CLASS = YES_ERROR;
				CLANG_WARN_RANGE_LOOP_ANALYSIS = YES;
				CLANG_WARN_STRICT_PROTOTYPES = YES;
				CLANG_WARN_SUSPICIOUS_MOVE = YES;
				CLANG_WARN_UNGUARDED_AVAILABILITY = YES_AGGRESSIVE;
				CLANG_WARN_UNREACHABLE_CODE = YES;
				CLANG_WARN__DUPLICATE_METHOD_MATCH = YES;
				CODE_SIGN_IDENTITY = "iPhone Developer";
				COPY_PHASE_STRIP = NO;
				DEBUG_INFORMATION_FORMAT = "dwarf-with-dsym";
				ENABLE_NS_ASSERTIONS = NO;
				ENABLE_STRICT_OBJC_MSGSEND = YES;
				GCC_C_LANGUAGE_STANDARD = gnu11;
				GCC_NO_COMMON_BLOCKS = YES;
				GCC_WARN_64_TO_32_BIT_CONVERSION = YES;
				GCC_WARN_ABOUT_RETURN_TYPE = YES_ERROR;
				GCC_WARN_UNDECLARED_SELECTOR = YES;
				GCC_WARN_UNINITIALIZED_AUTOS = YES_AGGRESSIVE;
				GCC_WARN_UNUSED_FUNCTION = YES;
				GCC_WARN_UNUSED_VARIABLE = YES;
				IPHONEOS_DEPLOYMENT_TARGET = 11.4;
				MTL_ENABLE_DEBUG_INFO = NO;
				SDKROOT = iphoneos;
				SWIFT_COMPILATION_MODE = wholemodule;
				SWIFT_OPTIMIZATION_LEVEL = "-O";
				VALIDATE_PRODUCT = YES;
			};
			name = Release;
		};
		3D3F8C7D21BFC90500705DB8 /* Debug */ = {
			isa = XCBuildConfiguration;
			baseConfigurationReference = DEBB08F8840A9CCD0732C8B5 /* Pods-fashionistaApp.debug.xcconfig */;
			buildSettings = {
				ASSETCATALOG_COMPILER_APPICON_NAME = AppIcon;
				CLANG_ENABLE_MODULES = YES;
				CODE_SIGN_STYLE = Automatic;
				INFOPLIST_FILE = fashionistaApp/Info.plist;
				LD_RUNPATH_SEARCH_PATHS = (
					"$(inherited)",
					"@executable_path/Frameworks",
				);
				PRODUCT_BUNDLE_IDENTIFIER = com.instagram.fashionistaApp;
				PRODUCT_NAME = "$(TARGET_NAME)";
				SWIFT_OBJC_BRIDGING_HEADER = "fashionistaApp/fashionistaApp-Bridging-Header.h";
				SWIFT_OPTIMIZATION_LEVEL = "-Onone";
				SWIFT_VERSION = 4.0;
				TARGETED_DEVICE_FAMILY = "1,2";
			};
			name = Debug;
		};
		3D3F8C7E21BFC90500705DB8 /* Release */ = {
			isa = XCBuildConfiguration;
			baseConfigurationReference = 29FFDC864FBA9F605F6508C8 /* Pods-fashionistaApp.release.xcconfig */;
			buildSettings = {
				ASSETCATALOG_COMPILER_APPICON_NAME = AppIcon;
				CLANG_ENABLE_MODULES = YES;
				CODE_SIGN_STYLE = Automatic;
				INFOPLIST_FILE = fashionistaApp/Info.plist;
				LD_RUNPATH_SEARCH_PATHS = (
					"$(inherited)",
					"@executable_path/Frameworks",
				);
				PRODUCT_BUNDLE_IDENTIFIER = com.instagram.fashionistaApp;
				PRODUCT_NAME = "$(TARGET_NAME)";
				SWIFT_OBJC_BRIDGING_HEADER = "fashionistaApp/fashionistaApp-Bridging-Header.h";
				SWIFT_VERSION = 4.0;
				TARGETED_DEVICE_FAMILY = "1,2";
			};
			name = Release;
		};
		3D3F8C8021BFC90500705DB8 /* Debug */ = {
			isa = XCBuildConfiguration;
			baseConfigurationReference = 7D897FDBBD4FD05C11A3B2CE /* Pods-fashionistaAppTests.debug.xcconfig */;
			buildSettings = {
				ALWAYS_EMBED_SWIFT_STANDARD_LIBRARIES = YES;
				BUNDLE_LOADER = "$(TEST_HOST)";
				CODE_SIGN_STYLE = Automatic;
				INFOPLIST_FILE = fashionistaAppTests/Info.plist;
				LD_RUNPATH_SEARCH_PATHS = (
					"$(inherited)",
					"@executable_path/Frameworks",
					"@loader_path/Frameworks",
				);
				PRODUCT_BUNDLE_IDENTIFIER = com.instagram.fashionistaAppTests;
				PRODUCT_NAME = "$(TARGET_NAME)";
				SWIFT_VERSION = 4.0;
				TARGETED_DEVICE_FAMILY = "1,2";
				TEST_HOST = "$(BUILT_PRODUCTS_DIR)/fashionistaApp.app/fashionistaApp";
			};
			name = Debug;
		};
		3D3F8C8121BFC90500705DB8 /* Release */ = {
			isa = XCBuildConfiguration;
			baseConfigurationReference = 7770D1545BECE92F64EE5131 /* Pods-fashionistaAppTests.release.xcconfig */;
			buildSettings = {
				ALWAYS_EMBED_SWIFT_STANDARD_LIBRARIES = YES;
				BUNDLE_LOADER = "$(TEST_HOST)";
				CODE_SIGN_STYLE = Automatic;
				INFOPLIST_FILE = fashionistaAppTests/Info.plist;
				LD_RUNPATH_SEARCH_PATHS = (
					"$(inherited)",
					"@executable_path/Frameworks",
					"@loader_path/Frameworks",
				);
				PRODUCT_BUNDLE_IDENTIFIER = com.instagram.fashionistaAppTests;
				PRODUCT_NAME = "$(TARGET_NAME)";
				SWIFT_VERSION = 4.0;
				TARGETED_DEVICE_FAMILY = "1,2";
				TEST_HOST = "$(BUILT_PRODUCTS_DIR)/fashionistaApp.app/fashionistaApp";
			};
			name = Release;
		};
		3D3F8C8321BFC90500705DB8 /* Debug */ = {
			isa = XCBuildConfiguration;
			baseConfigurationReference = 21B556750C61E8355ADAF3C6 /* Pods-fashionistaAppUITests.debug.xcconfig */;
			buildSettings = {
				ALWAYS_EMBED_SWIFT_STANDARD_LIBRARIES = YES;
				CODE_SIGN_STYLE = Automatic;
				INFOPLIST_FILE = fashionistaAppUITests/Info.plist;
				LD_RUNPATH_SEARCH_PATHS = (
					"$(inherited)",
					"@executable_path/Frameworks",
					"@loader_path/Frameworks",
				);
				PRODUCT_BUNDLE_IDENTIFIER = com.instagram.fashionistaAppUITests;
				PRODUCT_NAME = "$(TARGET_NAME)";
				SWIFT_VERSION = 4.0;
				TARGETED_DEVICE_FAMILY = "1,2";
				TEST_TARGET_NAME = fashionistaApp;
			};
			name = Debug;
		};
		3D3F8C8421BFC90500705DB8 /* Release */ = {
			isa = XCBuildConfiguration;
			baseConfigurationReference = 23B7CC48DD152B7821BBF917 /* Pods-fashionistaAppUITests.release.xcconfig */;
			buildSettings = {
				ALWAYS_EMBED_SWIFT_STANDARD_LIBRARIES = YES;
				CODE_SIGN_STYLE = Automatic;
				INFOPLIST_FILE = fashionistaAppUITests/Info.plist;
				LD_RUNPATH_SEARCH_PATHS = (
					"$(inherited)",
					"@executable_path/Frameworks",
					"@loader_path/Frameworks",
				);
				PRODUCT_BUNDLE_IDENTIFIER = com.instagram.fashionistaAppUITests;
				PRODUCT_NAME = "$(TARGET_NAME)";
				SWIFT_VERSION = 4.0;
				TARGETED_DEVICE_FAMILY = "1,2";
				TEST_TARGET_NAME = fashionistaApp;
			};
			name = Release;
		};
/* End XCBuildConfiguration section */

/* Begin XCConfigurationList section */
		3D3F8C4F21BFC90200705DB8 /* Build configuration list for PBXProject "fashionistaApp" */ = {
			isa = XCConfigurationList;
			buildConfigurations = (
				3D3F8C7A21BFC90500705DB8 /* Debug */,
				3D3F8C7B21BFC90500705DB8 /* Release */,
			);
			defaultConfigurationIsVisible = 0;
			defaultConfigurationName = Release;
		};
		3D3F8C7C21BFC90500705DB8 /* Build configuration list for PBXNativeTarget "fashionistaApp" */ = {
			isa = XCConfigurationList;
			buildConfigurations = (
				3D3F8C7D21BFC90500705DB8 /* Debug */,
				3D3F8C7E21BFC90500705DB8 /* Release */,
			);
			defaultConfigurationIsVisible = 0;
			defaultConfigurationName = Release;
		};
		3D3F8C7F21BFC90500705DB8 /* Build configuration list for PBXNativeTarget "fashionistaAppTests" */ = {
			isa = XCConfigurationList;
			buildConfigurations = (
				3D3F8C8021BFC90500705DB8 /* Debug */,
				3D3F8C8121BFC90500705DB8 /* Release */,
			);
			defaultConfigurationIsVisible = 0;
			defaultConfigurationName = Release;
		};
		3D3F8C8221BFC90500705DB8 /* Build configuration list for PBXNativeTarget "fashionistaAppUITests" */ = {
			isa = XCConfigurationList;
			buildConfigurations = (
				3D3F8C8321BFC90500705DB8 /* Debug */,
				3D3F8C8421BFC90500705DB8 /* Release */,
			);
			defaultConfigurationIsVisible = 0;
			defaultConfigurationName = Release;
		};
/* End XCConfigurationList section */
	};
	rootObject = 3D3F8C4C21BFC90200705DB8 /* Project object */;
}
